
Microsoft Visual Studio Solution File, Format Version 12.00
# Visual Studio Version 17
VisualStudioVersion = 17.4.33110.190
MinimumVisualStudioVersion = 10.0.40219.1
Project("{2150E333-8FDC-42A3-9474-1A3956D46DE8}") = "src", "src", "{7A4E7FCC-FD16-42D4-869D-CD72B7474AD0}"
EndProject
Project("{2150E333-8FDC-42A3-9474-1A3956D46DE8}") = "Catalog", "Catalog", "{EDDCF88C-66F3-425F-9CE4-457BE637DD70}"
EndProject
Project("{2150E333-8FDC-42A3-9474-1A3956D46DE8}") = "Basket", "Basket", "{EB88CBCB-52D5-4BD0-AE16-E4B07AEB1B82}"
EndProject
Project("{9A19103F-16F7-4668-BE54-9A1E7A4F7556}") = "Basket.API", "src\Basket\Basket.API\Basket.API.csproj", "{50FB51E2-7D4E-4138-98AB-63EEB67A6D19}"
EndProject
Project("{9A19103F-16F7-4668-BE54-9A1E7A4F7556}") = "Catalog.API", "src\Catalog\Catalog.API\Catalog.API.csproj", "{13C8925C-57C0-4ECB-82CF-93FC48274DCB}"
EndProject
Project("{E53339B2-1760-4266-BCC7-CA923CBCF16C}") = "docker-compose", "docker-compose.dcproj", "{1EDE197C-50B1-4BE1-A51D-2715391467C9}"
EndProject
Project("{2150E333-8FDC-42A3-9474-1A3956D46DE8}") = "Common", "Common", "{1F7551D4-1D39-4568-8FBE-BE633BD24E51}"
EndProject
Project("{9A19103F-16F7-4668-BE54-9A1E7A4F7556}") = "EventBusRabbitMQ", "src\Common\EventBusRabbitMQ\EventBusRabbitMQ.csproj", "{E70DF9D9-27F4-4D1D-AA70-F965DF32240F}"
EndProject
Project("{2150E333-8FDC-42A3-9474-1A3956D46DE8}") = "Ordering", "Ordering", "{6B287C25-98F3-4BAA-BEDF-1B205D20B057}"
EndProject
Project("{9A19103F-16F7-4668-BE54-9A1E7A4F7556}") = "Ordering.Api", "src\Ordering\Ordering.Api\Ordering.Api.csproj", "{2F2C97F0-FCBD-455C-9B96-B626C93A8913}"
EndProject
Project("{9A19103F-16F7-4668-BE54-9A1E7A4F7556}") = "Ordering.Core", "src\Ordering\Ordering.Core\Ordering.Core.csproj", "{686E75C8-726E-48E8-9B08-ECF2F2589640}"
EndProject
Project("{9A19103F-16F7-4668-BE54-9A1E7A4F7556}") = "Ordering.Infrastrcture", "src\Ordering\Ordering.Infrastrcture\Ordering.Infrastrcture.csproj", "{49A868ED-5087-4F84-8C49-746F1AC89FD4}"
EndProject
Project("{9A19103F-16F7-4668-BE54-9A1E7A4F7556}") = "Ordering.Application", "src\Ordering\Ordering.Application\Ordering.Application.csproj", "{D99C22E8-B141-432D-8C0A-643EDB461ED6}"
EndProject
Project("{2150E333-8FDC-42A3-9474-1A3956D46DE8}") = "ApiGateway", "ApiGateway", "{0E3F2328-236A-4600-9332-BAF082C0C153}"
EndProject
Project("{FAE04EC0-301F-11D3-BF4B-00C04F79EFBC}") = "ApiGateway", "src\ApiGateway\ApiGateway\ApiGateway\ApiGateway.csproj", "{C259E2D9-D4CD-4301-8E2F-E8A6649039E7}"
EndProject
Global
	GlobalSection(SolutionConfigurationPlatforms) = preSolution
		Debug|Any CPU = Debug|Any CPU
		Release|Any CPU = Release|Any CPU
	EndGlobalSection
	GlobalSection(ProjectConfigurationPlatforms) = postSolution
		{50FB51E2-7D4E-4138-98AB-63EEB67A6D19}.Debug|Any CPU.ActiveCfg = Debug|Any CPU
		{50FB51E2-7D4E-4138-98AB-63EEB67A6D19}.Debug|Any CPU.Build.0 = Debug|Any CPU
		{50FB51E2-7D4E-4138-98AB-63EEB67A6D19}.Release|Any CPU.ActiveCfg = Release|Any CPU
		{50FB51E2-7D4E-4138-98AB-63EEB67A6D19}.Release|Any CPU.Build.0 = Release|Any CPU
		{13C8925C-57C0-4ECB-82CF-93FC48274DCB}.Debug|Any CPU.ActiveCfg = Debug|Any CPU
		{13C8925C-57C0-4ECB-82CF-93FC48274DCB}.Debug|Any CPU.Build.0 = Debug|Any CPU
		{13C8925C-57C0-4ECB-82CF-93FC48274DCB}.Release|Any CPU.ActiveCfg = Release|Any CPU
		{13C8925C-57C0-4ECB-82CF-93FC48274DCB}.Release|Any CPU.Build.0 = Release|Any CPU
		{1EDE197C-50B1-4BE1-A51D-2715391467C9}.Debug|Any CPU.ActiveCfg = Debug|Any CPU
		{1EDE197C-50B1-4BE1-A51D-2715391467C9}.Debug|Any CPU.Build.0 = Debug|Any CPU
		{1EDE197C-50B1-4BE1-A51D-2715391467C9}.Release|Any CPU.ActiveCfg = Release|Any CPU
		{1EDE197C-50B1-4BE1-A51D-2715391467C9}.Release|Any CPU.Build.0 = Release|Any CPU
		{E70DF9D9-27F4-4D1D-AA70-F965DF32240F}.Debug|Any CPU.ActiveCfg = Debug|Any CPU
		{E70DF9D9-27F4-4D1D-AA70-F965DF32240F}.Debug|Any CPU.Build.0 = Debug|Any CPU
		{E70DF9D9-27F4-4D1D-AA70-F965DF32240F}.Release|Any CPU.ActiveCfg = Release|Any CPU
		{E70DF9D9-27F4-4D1D-AA70-F965DF32240F}.Release|Any CPU.Build.0 = Release|Any CPU
		{2F2C97F0-FCBD-455C-9B96-B626C93A8913}.Debug|Any CPU.ActiveCfg = Debug|Any CPU
		{2F2C97F0-FCBD-455C-9B96-B626C93A8913}.Debug|Any CPU.Build.0 = Debug|Any CPU
		{2F2C97F0-FCBD-455C-9B96-B626C93A8913}.Release|Any CPU.ActiveCfg = Release|Any CPU
		{2F2C97F0-FCBD-455C-9B96-B626C93A8913}.Release|Any CPU.Build.0 = Release|Any CPU
		{686E75C8-726E-48E8-9B08-ECF2F2589640}.Debug|Any CPU.ActiveCfg = Debug|Any CPU
		{686E75C8-726E-48E8-9B08-ECF2F2589640}.Debug|Any CPU.Build.0 = Debug|Any CPU
		{686E75C8-726E-48E8-9B08-ECF2F2589640}.Release|Any CPU.ActiveCfg = Release|Any CPU
		{686E75C8-726E-48E8-9B08-ECF2F2589640}.Release|Any CPU.Build.0 = Release|Any CPU
		{49A868ED-5087-4F84-8C49-746F1AC89FD4}.Debug|Any CPU.ActiveCfg = Debug|Any CPU
		{49A868ED-5087-4F84-8C49-746F1AC89FD4}.Debug|Any CPU.Build.0 = Debug|Any CPU
		{49A868ED-5087-4F84-8C49-746F1AC89FD4}.Release|Any CPU.ActiveCfg = Release|Any CPU
		{49A868ED-5087-4F84-8C49-746F1AC89FD4}.Release|Any CPU.Build.0 = Release|Any CPU
		{D99C22E8-B141-432D-8C0A-643EDB461ED6}.Debug|Any CPU.ActiveCfg = Debug|Any CPU
		{D99C22E8-B141-432D-8C0A-643EDB461ED6}.Debug|Any CPU.Build.0 = Debug|Any CPU
		{D99C22E8-B141-432D-8C0A-643EDB461ED6}.Release|Any CPU.ActiveCfg = Release|Any CPU
		{D99C22E8-B141-432D-8C0A-643EDB461ED6}.Release|Any CPU.Build.0 = Release|Any CPU
		{C259E2D9-D4CD-4301-8E2F-E8A6649039E7}.Debug|Any CPU.ActiveCfg = Debug|Any CPU
		{C259E2D9-D4CD-4301-8E2F-E8A6649039E7}.Debug|Any CPU.Build.0 = Debug|Any CPU
		{C259E2D9-D4CD-4301-8E2F-E8A6649039E7}.Release|Any CPU.ActiveCfg = Release|Any CPU
		{C259E2D9-D4CD-4301-8E2F-E8A6649039E7}.Release|Any CPU.Build.0 = Release|Any CPU
	EndGlobalSection
	GlobalSection(SolutionProperties) = preSolution
		HideSolutionNode = FALSE
	EndGlobalSection
	GlobalSection(NestedProjects) = preSolution
		{EDDCF88C-66F3-425F-9CE4-457BE637DD70} = {7A4E7FCC-FD16-42D4-869D-CD72B7474AD0}
		{EB88CBCB-52D5-4BD0-AE16-E4B07AEB1B82} = {7A4E7FCC-FD16-42D4-869D-CD72B7474AD0}
		{50FB51E2-7D4E-4138-98AB-63EEB67A6D19} = {EB88CBCB-52D5-4BD0-AE16-E4B07AEB1B82}
		{13C8925C-57C0-4ECB-82CF-93FC48274DCB} = {EDDCF88C-66F3-425F-9CE4-457BE637DD70}
		{1F7551D4-1D39-4568-8FBE-BE633BD24E51} = {7A4E7FCC-FD16-42D4-869D-CD72B7474AD0}
		{E70DF9D9-27F4-4D1D-AA70-F965DF32240F} = {1F7551D4-1D39-4568-8FBE-BE633BD24E51}
		{6B287C25-98F3-4BAA-BEDF-1B205D20B057} = {7A4E7FCC-FD16-42D4-869D-CD72B7474AD0}
		{2F2C97F0-FCBD-455C-9B96-B626C93A8913} = {6B287C25-98F3-4BAA-BEDF-1B205D20B057}
		{686E75C8-726E-48E8-9B08-ECF2F2589640} = {6B287C25-98F3-4BAA-BEDF-1B205D20B057}
		{49A868ED-5087-4F84-8C49-746F1AC89FD4} = {6B287C25-98F3-4BAA-BEDF-1B205D20B057}
		{D99C22E8-B141-432D-8C0A-643EDB461ED6} = {6B287C25-98F3-4BAA-BEDF-1B205D20B057}
		{0E3F2328-236A-4600-9332-BAF082C0C153} = {7A4E7FCC-FD16-42D4-869D-CD72B7474AD0}
		{C259E2D9-D4CD-4301-8E2F-E8A6649039E7} = {0E3F2328-236A-4600-9332-BAF082C0C153}
	EndGlobalSection
	GlobalSection(ExtensibilityGlobals) = postSolution
		SolutionGuid = {17CE5EB8-DEC8-488D-8C99-C0DB98BBDD26}
	EndGlobalSection
EndGlobal
