
Microsoft Visual Studio Solution File, Format Version 12.00
# Visual Studio Version 17
VisualStudioVersion = 17.4.33110.190
MinimumVisualStudioVersion = 10.0.40219.1
Project("{2150E333-8FDC-42A3-9474-1A3956D46DE8}") = "src", "src", "{7A4E7FCC-FD16-42D4-869D-CD72B7474AD0}"
EndProject
Project("{2150E333-8FDC-42A3-9474-1A3956D46DE8}") = "Catalog", "Catalog", "{EDDCF88C-66F3-425F-9CE4-457BE637DD70}"
EndProject
Project("{2150E333-8FDC-42A3-9474-1A3956D46DE8}") = "Basket", "Basket", "{EB88CBCB-52D5-4BD0-AE16-E4B07AEB1B82}"
EndProject
Project("{9A19103F-16F7-4668-BE54-9A1E7A4F7556}") = "Basket.API", "src\Basket\Basket.API\Basket.API.csproj", "{50FB51E2-7D4E-4138-98AB-63EEB67A6D19}"
EndProject
Project("{FAE04EC0-301F-11D3-BF4B-00C04F79EFBC}") = "Catalog.API", "src\Catalog\Catalog.API\Catalog.API.csproj", "{13C8925C-57C0-4ECB-82CF-93FC48274DCB}"
EndProject
Project("{E53339B2-1760-4266-BCC7-CA923CBCF16C}") = "docker-compose", "docker-compose.dcproj", "{1EDE197C-50B1-4BE1-A51D-2715391467C9}"
EndProject
Project("{2150E333-8FDC-42A3-9474-1A3956D46DE8}") = "Common", "Common", "{1F7551D4-1D39-4568-8FBE-BE633BD24E51}"
EndProject
Project("{FAE04EC0-301F-11D3-BF4B-00C04F79EFBC}") = "EventBusRabbitMQ", "src\Common\EventBusRabbitMQ\EventBusRabbitMQ.csproj", "{E70DF9D9-27F4-4D1D-AA70-F965DF32240F}"
EndProject
Global
	GlobalSection(SolutionConfigurationPlatforms) = preSolution
		Debug|Any CPU = Debug|Any CPU
		Release|Any CPU = Release|Any CPU
	EndGlobalSection
	GlobalSection(ProjectConfigurationPlatforms) = postSolution
		{50FB51E2-7D4E-4138-98AB-63EEB67A6D19}.Debug|Any CPU.ActiveCfg = Debug|Any CPU
		{50FB51E2-7D4E-4138-98AB-63EEB67A6D19}.Debug|Any CPU.Build.0 = Debug|Any CPU
		{50FB51E2-7D4E-4138-98AB-63EEB67A6D19}.Release|Any CPU.ActiveCfg = Release|Any CPU
		{50FB51E2-7D4E-4138-98AB-63EEB67A6D19}.Release|Any CPU.Build.0 = Release|Any CPU
		{13C8925C-57C0-4ECB-82CF-93FC48274DCB}.Debug|Any CPU.ActiveCfg = Debug|Any CPU
		{13C8925C-57C0-4ECB-82CF-93FC48274DCB}.Debug|Any CPU.Build.0 = Debug|Any CPU
		{13C8925C-57C0-4ECB-82CF-93FC48274DCB}.Release|Any CPU.ActiveCfg = Release|Any CPU
		{13C8925C-57C0-4ECB-82CF-93FC48274DCB}.Release|Any CPU.Build.0 = Release|Any CPU
		{1EDE197C-50B1-4BE1-A51D-2715391467C9}.Debug|Any CPU.ActiveCfg = Debug|Any CPU
		{1EDE197C-50B1-4BE1-A51D-2715391467C9}.Debug|Any CPU.Build.0 = Debug|Any CPU
		{1EDE197C-50B1-4BE1-A51D-2715391467C9}.Release|Any CPU.ActiveCfg = Release|Any CPU
		{1EDE197C-50B1-4BE1-A51D-2715391467C9}.Release|Any CPU.Build.0 = Release|Any CPU
		{E70DF9D9-27F4-4D1D-AA70-F965DF32240F}.Debug|Any CPU.ActiveCfg = Debug|Any CPU
		{E70DF9D9-27F4-4D1D-AA70-F965DF32240F}.Debug|Any CPU.Build.0 = Debug|Any CPU
		{E70DF9D9-27F4-4D1D-AA70-F965DF32240F}.Release|Any CPU.ActiveCfg = Release|Any CPU
		{E70DF9D9-27F4-4D1D-AA70-F965DF32240F}.Release|Any CPU.Build.0 = Release|Any CPU
	EndGlobalSection
	GlobalSection(SolutionProperties) = preSolution
		HideSolutionNode = FALSE
	EndGlobalSection
	GlobalSection(NestedProjects) = preSolution
		{EDDCF88C-66F3-425F-9CE4-457BE637DD70} = {7A4E7FCC-FD16-42D4-869D-CD72B7474AD0}
		{EB88CBCB-52D5-4BD0-AE16-E4B07AEB1B82} = {7A4E7FCC-FD16-42D4-869D-CD72B7474AD0}
		{50FB51E2-7D4E-4138-98AB-63EEB67A6D19} = {EB88CBCB-52D5-4BD0-AE16-E4B07AEB1B82}
		{13C8925C-57C0-4ECB-82CF-93FC48274DCB} = {EDDCF88C-66F3-425F-9CE4-457BE637DD70}
		{1F7551D4-1D39-4568-8FBE-BE633BD24E51} = {7A4E7FCC-FD16-42D4-869D-CD72B7474AD0}
		{E70DF9D9-27F4-4D1D-AA70-F965DF32240F} = {1F7551D4-1D39-4568-8FBE-BE633BD24E51}
	EndGlobalSection
	GlobalSection(ExtensibilityGlobals) = postSolution
		SolutionGuid = {17CE5EB8-DEC8-488D-8C99-C0DB98BBDD26}
	EndGlobalSection
EndGlobal
